
Microsoft Visual Studio Solution File, Format Version 12.00
Project("{FAE04EC0-301F-11D3-BF4B-00C04F79EFBC}") = "WebApp", "WebApp\WebApp.csproj", "{71F795A0-8E03-4E48-B40D-16DA8508DD70}"
EndProject
Project("{FAE04EC0-301F-11D3-BF4B-00C04F79EFBC}") = "WebAppWithAuth", "WebAppWithAuth\WebAppWithAuth.csproj", "{E92C449E-55B4-453F-8A19-823FE233C74E}"
EndProject
Global
	GlobalSection(SolutionConfigurationPlatforms) = preSolution
		Debug|Any CPU = Debug|Any CPU
		Release|Any CPU = Release|Any CPU
	EndGlobalSection
	GlobalSection(ProjectConfigurationPlatforms) = postSolution
		{71F795A0-8E03-4E48-B40D-16DA8508DD70}.Debug|Any CPU.ActiveCfg = Debug|Any CPU
		{71F795A0-8E03-4E48-B40D-16DA8508DD70}.Debug|Any CPU.Build.0 = Debug|Any CPU
		{71F795A0-8E03-4E48-B40D-16DA8508DD70}.Release|Any CPU.ActiveCfg = Release|Any CPU
		{71F795A0-8E03-4E48-B40D-16DA8508DD70}.Release|Any CPU.Build.0 = Release|Any CPU
		{E92C449E-55B4-453F-8A19-823FE233C74E}.Debug|Any CPU.ActiveCfg = Debug|Any CPU
		{E92C449E-55B4-453F-8A19-823FE233C74E}.Debug|Any CPU.Build.0 = Debug|Any CPU
		{E92C449E-55B4-453F-8A19-823FE233C74E}.Release|Any CPU.ActiveCfg = Release|Any CPU
		{E92C449E-55B4-453F-8A19-823FE233C74E}.Release|Any CPU.Build.0 = Release|Any CPU
	EndGlobalSection
EndGlobal
