
Microsoft Visual Studio Solution File, Format Version 12.00
Project("{FAE04EC0-301F-11D3-BF4B-00C04F79EFBC}") = "Domain", "Domain\Domain.csproj", "{CF00E73D-9957-4763-8240-04A8F7F822B2}"
EndProject
Project("{FAE04EC0-301F-11D3-BF4B-00C04F79EFBC}") = "DAL", "DAL\DAL.csproj", "{28AAAA72-CF10-47D4-8D0A-D50446EDE00B}"
EndProject
Project("{2150E333-8FDC-42A3-9474-1A3956D46DE8}") = "Solution Items", "Solution Items", "{6226EBE6-DE02-44FB-B3E3-7C6BA16C4305}"
	ProjectSection(SolutionItems) = preProject
		README.md = README.md
		Directory.Build.props = Directory.Build.props
	EndProjectSection
EndProject
Project("{FAE04EC0-301F-11D3-BF4B-00C04F79EFBC}") = "WebApp", "WebApp\WebApp.csproj", "{2B5F6064-F620-48B9-884B-F850F7435549}"
EndProject
Global
	GlobalSection(SolutionConfigurationPlatforms) = preSolution
		Debug|Any CPU = Debug|Any CPU
		Release|Any CPU = Release|Any CPU
	EndGlobalSection
	GlobalSection(ProjectConfigurationPlatforms) = postSolution
		{CF00E73D-9957-4763-8240-04A8F7F822B2}.Debug|Any CPU.ActiveCfg = Debug|Any CPU
		{CF00E73D-9957-4763-8240-04A8F7F822B2}.Debug|Any CPU.Build.0 = Debug|Any CPU
		{CF00E73D-9957-4763-8240-04A8F7F822B2}.Release|Any CPU.ActiveCfg = Release|Any CPU
		{CF00E73D-9957-4763-8240-04A8F7F822B2}.Release|Any CPU.Build.0 = Release|Any CPU
		{28AAAA72-CF10-47D4-8D0A-D50446EDE00B}.Debug|Any CPU.ActiveCfg = Debug|Any CPU
		{28AAAA72-CF10-47D4-8D0A-D50446EDE00B}.Debug|Any CPU.Build.0 = Debug|Any CPU
		{28AAAA72-CF10-47D4-8D0A-D50446EDE00B}.Release|Any CPU.ActiveCfg = Release|Any CPU
		{28AAAA72-CF10-47D4-8D0A-D50446EDE00B}.Release|Any CPU.Build.0 = Release|Any CPU
		{2B5F6064-F620-48B9-884B-F850F7435549}.Debug|Any CPU.ActiveCfg = Debug|Any CPU
		{2B5F6064-F620-48B9-884B-F850F7435549}.Debug|Any CPU.Build.0 = Debug|Any CPU
		{2B5F6064-F620-48B9-884B-F850F7435549}.Release|Any CPU.ActiveCfg = Release|Any CPU
		{2B5F6064-F620-48B9-884B-F850F7435549}.Release|Any CPU.Build.0 = Release|Any CPU
	EndGlobalSection
EndGlobal
